
Microsoft Visual Studio Solution File, Format Version 12.00
# Visual Studio 2012
Project("{FAE04EC0-301F-11D3-BF4B-00C04F79EFBC}") = "HW14_Alexander_Lao", "HW14_Alexander_Lao\HW14_Alexander_Lao.csproj", "{22E97B2F-453E-4FCF-9E1A-0EB5A6E07E07}"
EndProject
Global
	GlobalSection(SolutionConfigurationPlatforms) = preSolution
		Debug|Any CPU = Debug|Any CPU
		Release|Any CPU = Release|Any CPU
	EndGlobalSection
	GlobalSection(ProjectConfigurationPlatforms) = postSolution
		{22E97B2F-453E-4FCF-9E1A-0EB5A6E07E07}.Debug|Any CPU.ActiveCfg = Debug|Any CPU
		{22E97B2F-453E-4FCF-9E1A-0EB5A6E07E07}.Debug|Any CPU.Build.0 = Debug|Any CPU
		{22E97B2F-453E-4FCF-9E1A-0EB5A6E07E07}.Release|Any CPU.ActiveCfg = Release|Any CPU
		{22E97B2F-453E-4FCF-9E1A-0EB5A6E07E07}.Release|Any CPU.Build.0 = Release|Any CPU
	EndGlobalSection
	GlobalSection(SolutionProperties) = preSolution
		HideSolutionNode = FALSE
	EndGlobalSection
EndGlobal
