
Microsoft Visual Studio Solution File, Format Version 12.00
# Visual Studio 2012
Project("{FAE04EC0-301F-11D3-BF4B-00C04F79EFBC}") = "Spreadsheet_ALao", "Spreadsheet_ALao\Spreadsheet_ALao.csproj", "{1F874912-0450-48C1-96E6-7C5632FF5C3A}"
EndProject
Project("{FAE04EC0-301F-11D3-BF4B-00C04F79EFBC}") = "SpreadsheetEngine", "SpreadsheetEngine\SpreadsheetEngine.csproj", "{5B19CA68-7936-412B-973D-8138135F1EA7}"
EndProject
Global
	GlobalSection(SolutionConfigurationPlatforms) = preSolution
		Debug|Any CPU = Debug|Any CPU
		Release|Any CPU = Release|Any CPU
	EndGlobalSection
	GlobalSection(ProjectConfigurationPlatforms) = postSolution
		{1F874912-0450-48C1-96E6-7C5632FF5C3A}.Debug|Any CPU.ActiveCfg = Debug|Any CPU
		{1F874912-0450-48C1-96E6-7C5632FF5C3A}.Debug|Any CPU.Build.0 = Debug|Any CPU
		{1F874912-0450-48C1-96E6-7C5632FF5C3A}.Release|Any CPU.ActiveCfg = Release|Any CPU
		{1F874912-0450-48C1-96E6-7C5632FF5C3A}.Release|Any CPU.Build.0 = Release|Any CPU
		{5B19CA68-7936-412B-973D-8138135F1EA7}.Debug|Any CPU.ActiveCfg = Debug|Any CPU
		{5B19CA68-7936-412B-973D-8138135F1EA7}.Debug|Any CPU.Build.0 = Debug|Any CPU
		{5B19CA68-7936-412B-973D-8138135F1EA7}.Release|Any CPU.ActiveCfg = Release|Any CPU
		{5B19CA68-7936-412B-973D-8138135F1EA7}.Release|Any CPU.Build.0 = Release|Any CPU
	EndGlobalSection
	GlobalSection(SolutionProperties) = preSolution
		HideSolutionNode = FALSE
	EndGlobalSection
EndGlobal
